<?xml version="1.0" encoding="utf-8"?>
<Project ToolsVersion="4.0" xmlns="http://schemas.microsoft.com/developer/msbuild/2003">
  <ItemGroup>
    <Filter Include="Source Files">
      <UniqueIdentifier>{4FC737F1-C7A5-4376-A066-2A32D752A2FF}</UniqueIdentifier>
      <Extensions>cpp;c;cc;cxx;c++;cppm;ixx;def;odl;idl;hpj;bat;asm;asmx</Extensions>
    </Filter>
    <Filter Include="Header Files">
      <UniqueIdentifier>{93995380-89BD-4b04-88EB-625FBE52EBFB}</UniqueIdentifier>
      <Extensions>h;hh;hpp;hxx;h++;hm;inl;inc;ipp;xsd</Extensions>
    </Filter>
    <Filter Include="Resource Files">
      <UniqueIdentifier>{67DA6AB6-F800-4c08-8B7A-83BB121AAD01}</UniqueIdentifier>
      <Extensions>rc;ico;cur;bmp;dlg;rc2;rct;bin;rgs;gif;jpg;jpeg;jpe;resx;tiff;tif;png;wav;mfcribbon-ms</Extensions>
    </Filter>
    <Filter Include="Header Files\GameEvent">
      <UniqueIdentifier>{d7f27fe5-e68e-4551-8392-08590de8876c}</UniqueIdentifier>
    </Filter>
    <Filter Include="Source Files\GameEvent">
      <UniqueIdentifier>{451910c7-1407-4055-a1e6-a2ed4c51be86}</UniqueIdentifier>
    </Filter>
  </ItemGroup>
  <ItemGroup>
    <ClCompile Include="main.cpp">
      <Filter>Source Files</Filter>
    </ClCompile>
    <ClCompile Include="GameHandler.cpp">
      <Filter>Source Files</Filter>
    </ClCompile>
    <ClCompile Include="GSIRequestHandler.cpp">
      <Filter>Source Files</Filter>
    </ClCompile>
    <ClCompile Include="LightsControllerApp.cpp">
      <Filter>Source Files</Filter>
    </ClCompile>
    <ClCompile Include="GSIRequestHandlerFactory.cpp">
      <Filter>Source Files</Filter>
    </ClCompile>
    <ClCompile Include="HardwareController.cpp">
      <Filter>Source Files</Filter>
    </ClCompile>
    <ClCompile Include="SerialPort.cpp">
      <Filter>Source Files</Filter>
    </ClCompile>
    <ClCompile Include="CSGOHandler.cpp">
      <Filter>Source Files</Filter>
    </ClCompile>
    <ClCompile Include="BombExplodedEventHandler.cpp">
      <Filter>Source Files\GameEvent</Filter>
    </ClCompile>
    <ClCompile Include="EventHandler.cpp">
      <Filter>Source Files\GameEvent</Filter>
    </ClCompile>
    <ClCompile Include="EventHandlerFactory.cpp">
      <Filter>Source Files\GameEvent</Filter>
    </ClCompile>
    <ClCompile Include="BombDefusedEventHandler.cpp">
      <Filter>Source Files\GameEvent</Filter>
    </ClCompile>
    <ClCompile Include="WinCTEventHandler.cpp">
      <Filter>Source Files</Filter>
    </ClCompile>
    <ClCompile Include="WinTEventHandler.cpp">
      <Filter>Source Files</Filter>
    </ClCompile>
  </ItemGroup>
  <ItemGroup>
    <Text Include="conanfile.txt" />
  </ItemGroup>
  <ItemGroup>
    <ClInclude Include="GameHandler.h">
      <Filter>Header Files</Filter>
    </ClInclude>
    <ClInclude Include="GSIRequestHandler.h">
      <Filter>Header Files</Filter>
    </ClInclude>
    <ClInclude Include="LightsControllerApp.h">
      <Filter>Header Files</Filter>
    </ClInclude>
    <ClInclude Include="HardwareController.h">
      <Filter>Header Files</Filter>
    </ClInclude>
    <ClInclude Include="GSIRequestHandlerFactory.h">
      <Filter>Header Files</Filter>
    </ClInclude>
    <ClInclude Include="SerialPort.h">
      <Filter>Header Files</Filter>
    </ClInclude>
    <ClInclude Include="CSGOHandler.h">
      <Filter>Header Files</Filter>
    </ClInclude>
    <ClInclude Include="BombExplodedEventHandler.h">
      <Filter>Header Files\GameEvent</Filter>
    </ClInclude>
    <ClInclude Include="EventHandler.h">
      <Filter>Header Files\GameEvent</Filter>
    </ClInclude>
    <ClInclude Include="EventHandlerFactory.h">
      <Filter>Header Files\GameEvent</Filter>
    </ClInclude>
    <ClInclude Include="BombDefusedEventHandler.h">
      <Filter>Header Files\GameEvent</Filter>
    </ClInclude>
    <ClInclude Include="WinCTEventHandler.h">
      <Filter>Header Files</Filter>
    </ClInclude>
    <ClInclude Include="WinTEventHandler.h">
      <Filter>Header Files</Filter>
    </ClInclude>
    <ClInclude Include="resource.h">
      <Filter>Header Files</Filter>
    </ClInclude>
  </ItemGroup>
  <ItemGroup>
    <ResourceCompile Include="LightsControllerApp.rc">
      <Filter>Resource Files</Filter>
    </ResourceCompile>
  </ItemGroup>
  <ItemGroup>
    <Image Include="icon1.ico">
      <Filter>Resource Files</Filter>
    </Image>
    <Image Include="led-diode.png">
      <Filter>Resource Files</Filter>
    </Image>
    <Image Include="led-diode.ico">
      <Filter>Resource Files</Filter>
    </Image>
  </ItemGroup>
</Project>